{
    "_readme": [
        "This file locks the dependencies of your project to a known state",
        "Read more about it at https://getcomposer.org/doc/01-basic-usage.md#composer-lock-the-lock-file",
        "This file is @generated automatically"
    ],
    "hash": "d0d631f03a3d21854a059991e94a8429",
    "content-hash": "6227318c193d89d121a569c89e600df3",
    "packages": [
        {
            "name": "digicol/schemaorg-sdk",
            "version": "dev-master",
            "source": {
                "type": "git",
                "url": "https://github.com/digicol/schemaorg-sdk.git",
                "reference": "67335c8d51e601e2aa07cd572b495fc80b6b314f"
            },
            "dist": {
                "type": "zip",
                "url": "https://api.github.com/repos/digicol/schemaorg-sdk/zipball/67335c8d51e601e2aa07cd572b495fc80b6b314f",
                "reference": "67335c8d51e601e2aa07cd572b495fc80b6b314f",
                "shasum": ""
            },
            "require": {
                "php": ">=5.4.0"
            },
            "type": "library",
            "autoload": {
                "psr-4": {
                    "Digicol\\SchemaOrg\\": "src/"
                }
            },
            "license": [
                "MIT"
            ],
            "authors": [
                {
                    "name": "Digital Collections Verlagsgesellschaft mbH",
                    "email": "dev@digicol.com",
                    "role": "Developer"
                }
            ],
            "description": "Digital Collections inofficial schema.org PHP SDK",
            "homepage": "http://ww.digicol.de/",
            "keywords": [
                "schemaorg"
            ],
            "support": {
                "source": "https://github.com/digicol/schemaorg-sdk/tree/master",
                "issues": "https://github.com/digicol/schemaorg-sdk/issues"
            },
            "time": "2016-10-20 09:00:28"
        }
    ],
    "packages-dev": [],
    "aliases": [],
    "minimum-stability": "dev",
    "stability-flags": {
        "digicol/schemaorg-sdk": 20
    },
    "prefer-stable": false,
    "prefer-lowest": false,
    "platform": [],
    "platform-dev": []
}
